
Microsoft Visual Studio Solution File, Format Version 12.00
# Visual Studio Version 17
VisualStudioVersion = 17.0.31903.59
MinimumVisualStudioVersion = 10.0.40219.1
Project("{9A19103F-16F7-4668-BE54-9A1E7A4F7556}") = "AuthService", "Services\AuthService\AuthService\AuthService.csproj", "{AEB58F1E-DA5D-4D29-9465-7037CF380C45}"
EndProject
Project("{9A19103F-16F7-4668-BE54-9A1E7A4F7556}") = "Gateway", "Services\Gateway\Gateway\Gateway.csproj", "{B14E572B-021F-42BE-80F3-A2F02430D581}"
EndProject
Project("{9A19103F-16F7-4668-BE54-9A1E7A4F7556}") = "NotificationService", "Services\NotificationService\NotificationService\NotificationService.csproj", "{6A714463-9C04-4553-8776-03A577C4D67B}"
EndProject
Project("{9A19103F-16F7-4668-BE54-9A1E7A4F7556}") = "CourseService", "Services\CourseService\CourseService\CourseService.csproj", "{EFD0A199-A40E-40B5-95BF-AC5640DB798D}"
EndProject
Project("{E53339B2-1760-4266-BCC7-CA923CBCF16C}") = "docker-compose", "docker-compose.dcproj", "{DD3A6213-D23D-4423-91A7-6E38E127B50D}"
EndProject
Global
	GlobalSection(SolutionConfigurationPlatforms) = preSolution
		Debug|Any CPU = Debug|Any CPU
		Release|Any CPU = Release|Any CPU
	EndGlobalSection
	GlobalSection(ProjectConfigurationPlatforms) = postSolution
		{AEB58F1E-DA5D-4D29-9465-7037CF380C45}.Debug|Any CPU.ActiveCfg = Debug|Any CPU
		{AEB58F1E-DA5D-4D29-9465-7037CF380C45}.Debug|Any CPU.Build.0 = Debug|Any CPU
		{AEB58F1E-DA5D-4D29-9465-7037CF380C45}.Release|Any CPU.ActiveCfg = Release|Any CPU
		{AEB58F1E-DA5D-4D29-9465-7037CF380C45}.Release|Any CPU.Build.0 = Release|Any CPU
		{B14E572B-021F-42BE-80F3-A2F02430D581}.Debug|Any CPU.ActiveCfg = Debug|Any CPU
		{B14E572B-021F-42BE-80F3-A2F02430D581}.Debug|Any CPU.Build.0 = Debug|Any CPU
		{B14E572B-021F-42BE-80F3-A2F02430D581}.Release|Any CPU.ActiveCfg = Release|Any CPU
		{B14E572B-021F-42BE-80F3-A2F02430D581}.Release|Any CPU.Build.0 = Release|Any CPU
		{6A714463-9C04-4553-8776-03A577C4D67B}.Debug|Any CPU.ActiveCfg = Debug|Any CPU
		{6A714463-9C04-4553-8776-03A577C4D67B}.Debug|Any CPU.Build.0 = Debug|Any CPU
		{6A714463-9C04-4553-8776-03A577C4D67B}.Release|Any CPU.ActiveCfg = Release|Any CPU
		{6A714463-9C04-4553-8776-03A577C4D67B}.Release|Any CPU.Build.0 = Release|Any CPU
		{EFD0A199-A40E-40B5-95BF-AC5640DB798D}.Debug|Any CPU.ActiveCfg = Debug|Any CPU
		{EFD0A199-A40E-40B5-95BF-AC5640DB798D}.Debug|Any CPU.Build.0 = Debug|Any CPU
		{EFD0A199-A40E-40B5-95BF-AC5640DB798D}.Release|Any CPU.ActiveCfg = Release|Any CPU
		{EFD0A199-A40E-40B5-95BF-AC5640DB798D}.Release|Any CPU.Build.0 = Release|Any CPU
		{DD3A6213-D23D-4423-91A7-6E38E127B50D}.Debug|Any CPU.ActiveCfg = Debug|Any CPU
		{DD3A6213-D23D-4423-91A7-6E38E127B50D}.Debug|Any CPU.Build.0 = Debug|Any CPU
		{DD3A6213-D23D-4423-91A7-6E38E127B50D}.Release|Any CPU.ActiveCfg = Release|Any CPU
		{DD3A6213-D23D-4423-91A7-6E38E127B50D}.Release|Any CPU.Build.0 = Release|Any CPU
	EndGlobalSection
	GlobalSection(SolutionProperties) = preSolution
		HideSolutionNode = FALSE
	EndGlobalSection
	GlobalSection(ExtensibilityGlobals) = postSolution
		SolutionGuid = {7BA4973B-2781-4EAC-8F93-28D1D619A13D}
	EndGlobalSection
EndGlobal
